Microsoft Visual Studio Solution File, Format Version 12.00
# Visual Studio Version 17
VisualStudioVersion = 17.5.2.0
MinimumVisualStudioVersion = 10.0.40219.1
Project("{FAE04EC0-301F-11D3-BF4B-00C04F79EFBC}") = "WarrantyTracker", "WarrantyTracker.csproj", "{BE4F4D06-7B18-48F3-5855-4E6E623A8D80}"
EndProject
Global
	GlobalSection(SolutionConfigurationPlatforms) = preSolution
		Debug|Any CPU = Debug|Any CPU
		Release|Any CPU = Release|Any CPU
	EndGlobalSection
	GlobalSection(ProjectConfigurationPlatforms) = postSolution
		{BE4F4D06-7B18-48F3-5855-4E6E623A8D80}.Debug|Any CPU.ActiveCfg = Debug|Any CPU
		{BE4F4D06-7B18-48F3-5855-4E6E623A8D80}.Debug|Any CPU.Build.0 = Debug|Any CPU
		{BE4F4D06-7B18-48F3-5855-4E6E623A8D80}.Release|Any CPU.ActiveCfg = Release|Any CPU
		{BE4F4D06-7B18-48F3-5855-4E6E623A8D80}.Release|Any CPU.Build.0 = Release|Any CPU
	EndGlobalSection
	GlobalSection(SolutionProperties) = preSolution
		HideSolutionNode = FALSE
	EndGlobalSection
	GlobalSection(ExtensibilityGlobals) = postSolution
		SolutionGuid = {EA05AB23-6143-4B7D-8DE0-5690AEB8C873}
	EndGlobalSection
EndGlobal
